
Microsoft Visual Studio Solution File, Format Version 12.00
# Visual Studio Version 17
VisualStudioVersion = 17.14.36429.23 d17.14
MinimumVisualStudioVersion = 10.0.40219.1
Project("{FAE04EC0-301F-11D3-BF4B-00C04F79EFBC}") = "Hangman", "Hangman\Hangman.csproj", "{EE1D64E3-17CC-4B2C-B468-5B6C72E813FB}"
EndProject
Global
	GlobalSection(SolutionConfigurationPlatforms) = preSolution
		Debug|Any CPU = Debug|Any CPU
		Release|Any CPU = Release|Any CPU
	EndGlobalSection
	GlobalSection(ProjectConfigurationPlatforms) = postSolution
		{EE1D64E3-17CC-4B2C-B468-5B6C72E813FB}.Debug|Any CPU.ActiveCfg = Debug|Any CPU
		{EE1D64E3-17CC-4B2C-B468-5B6C72E813FB}.Debug|Any CPU.Build.0 = Debug|Any CPU
		{EE1D64E3-17CC-4B2C-B468-5B6C72E813FB}.Release|Any CPU.ActiveCfg = Release|Any CPU
		{EE1D64E3-17CC-4B2C-B468-5B6C72E813FB}.Release|Any CPU.Build.0 = Release|Any CPU
	EndGlobalSection
	GlobalSection(SolutionProperties) = preSolution
		HideSolutionNode = FALSE
	EndGlobalSection
	GlobalSection(ExtensibilityGlobals) = postSolution
		SolutionGuid = {007B1295-5EEF-4835-B620-30587BDF7A29}
	EndGlobalSection
EndGlobal
